
Microsoft Visual Studio Solution File, Format Version 12.00
# Visual Studio Version 17
VisualStudioVersion = 17.8.34316.72
MinimumVisualStudioVersion = 10.0.40219.1
Project("{2150E333-8FDC-42A3-9474-1A3956D46DE8}") = "src", "src", "{CED73927-2734-44FC-8E30-F9DCA1940AF5}"
EndProject
Project("{9A19103F-16F7-4668-BE54-9A1E7A4F7556}") = "Int To Roman", "src\Int To Roman\Int To Roman.csproj", "{E69094EA-5D75-4A91-8B0C-784C39F5B5ED}"
EndProject
Project("{9A19103F-16F7-4668-BE54-9A1E7A4F7556}") = "Reverse Linked List", "src\Reverse Linked List\Reverse Linked List.csproj", "{B99F3C93-05AE-4A18-85E7-2C03C91D74EC}"
EndProject
Project("{9A19103F-16F7-4668-BE54-9A1E7A4F7556}") = "Knight Dialer", "src\Knight Dialer\Knight Dialer.csproj", "{7C05E147-395B-4220-98F4-78F85D1AFAFC}"
EndProject
Project("{9A19103F-16F7-4668-BE54-9A1E7A4F7556}") = "Add Two Numbers (Linked List)", "src\Add Two Numbers\Add Two Numbers (Linked List).csproj", "{7FE3F12E-1D45-41AE-806E-BAAD9C24E78A}"
EndProject
Project("{9A19103F-16F7-4668-BE54-9A1E7A4F7556}") = "Longest Substring Without Repeating Characters", "src\Longest Substring Without Repeating Characters\Longest Substring Without Repeating Characters.csproj", "{757EBCE5-9B66-44CB-8D53-4419BA6820E8}"
EndProject
Project("{9A19103F-16F7-4668-BE54-9A1E7A4F7556}") = "Longest Palindromic Substring", "src\Longest Palindromic Substring\Longest Palindromic Substring.csproj", "{5C5E5869-48EF-400C-9CF5-69350E95CCAE}"
EndProject
Project("{FAE04EC0-301F-11D3-BF4B-00C04F79EFBC}") = "Zigzag Conversion", "src\Zigzag Conversion\Zigzag Conversion.csproj", "{8EF122EF-BCC3-4DB7-8B43-3B4AFC22F09E}"
EndProject
Project("{FAE04EC0-301F-11D3-BF4B-00C04F79EFBC}") = "Reverse Integer", "src\Reverse Integer\Reverse Integer.csproj", "{A333B660-0FCF-410A-A123-E3BD34BC8C96}"
EndProject
Global
	GlobalSection(SolutionConfigurationPlatforms) = preSolution
		Debug|Any CPU = Debug|Any CPU
		Release|Any CPU = Release|Any CPU
	EndGlobalSection
	GlobalSection(ProjectConfigurationPlatforms) = postSolution
		{E69094EA-5D75-4A91-8B0C-784C39F5B5ED}.Debug|Any CPU.ActiveCfg = Debug|Any CPU
		{E69094EA-5D75-4A91-8B0C-784C39F5B5ED}.Debug|Any CPU.Build.0 = Debug|Any CPU
		{E69094EA-5D75-4A91-8B0C-784C39F5B5ED}.Release|Any CPU.ActiveCfg = Release|Any CPU
		{E69094EA-5D75-4A91-8B0C-784C39F5B5ED}.Release|Any CPU.Build.0 = Release|Any CPU
		{B99F3C93-05AE-4A18-85E7-2C03C91D74EC}.Debug|Any CPU.ActiveCfg = Debug|Any CPU
		{B99F3C93-05AE-4A18-85E7-2C03C91D74EC}.Debug|Any CPU.Build.0 = Debug|Any CPU
		{B99F3C93-05AE-4A18-85E7-2C03C91D74EC}.Release|Any CPU.ActiveCfg = Release|Any CPU
		{B99F3C93-05AE-4A18-85E7-2C03C91D74EC}.Release|Any CPU.Build.0 = Release|Any CPU
		{7C05E147-395B-4220-98F4-78F85D1AFAFC}.Debug|Any CPU.ActiveCfg = Debug|Any CPU
		{7C05E147-395B-4220-98F4-78F85D1AFAFC}.Debug|Any CPU.Build.0 = Debug|Any CPU
		{7C05E147-395B-4220-98F4-78F85D1AFAFC}.Release|Any CPU.ActiveCfg = Release|Any CPU
		{7C05E147-395B-4220-98F4-78F85D1AFAFC}.Release|Any CPU.Build.0 = Release|Any CPU
		{7FE3F12E-1D45-41AE-806E-BAAD9C24E78A}.Debug|Any CPU.ActiveCfg = Debug|Any CPU
		{7FE3F12E-1D45-41AE-806E-BAAD9C24E78A}.Debug|Any CPU.Build.0 = Debug|Any CPU
		{7FE3F12E-1D45-41AE-806E-BAAD9C24E78A}.Release|Any CPU.ActiveCfg = Release|Any CPU
		{7FE3F12E-1D45-41AE-806E-BAAD9C24E78A}.Release|Any CPU.Build.0 = Release|Any CPU
		{757EBCE5-9B66-44CB-8D53-4419BA6820E8}.Debug|Any CPU.ActiveCfg = Debug|Any CPU
		{757EBCE5-9B66-44CB-8D53-4419BA6820E8}.Debug|Any CPU.Build.0 = Debug|Any CPU
		{757EBCE5-9B66-44CB-8D53-4419BA6820E8}.Release|Any CPU.ActiveCfg = Release|Any CPU
		{757EBCE5-9B66-44CB-8D53-4419BA6820E8}.Release|Any CPU.Build.0 = Release|Any CPU
		{5C5E5869-48EF-400C-9CF5-69350E95CCAE}.Debug|Any CPU.ActiveCfg = Debug|Any CPU
		{5C5E5869-48EF-400C-9CF5-69350E95CCAE}.Debug|Any CPU.Build.0 = Debug|Any CPU
		{5C5E5869-48EF-400C-9CF5-69350E95CCAE}.Release|Any CPU.ActiveCfg = Release|Any CPU
		{5C5E5869-48EF-400C-9CF5-69350E95CCAE}.Release|Any CPU.Build.0 = Release|Any CPU
		{8EF122EF-BCC3-4DB7-8B43-3B4AFC22F09E}.Debug|Any CPU.ActiveCfg = Debug|Any CPU
		{8EF122EF-BCC3-4DB7-8B43-3B4AFC22F09E}.Debug|Any CPU.Build.0 = Debug|Any CPU
		{8EF122EF-BCC3-4DB7-8B43-3B4AFC22F09E}.Release|Any CPU.ActiveCfg = Release|Any CPU
		{8EF122EF-BCC3-4DB7-8B43-3B4AFC22F09E}.Release|Any CPU.Build.0 = Release|Any CPU
		{A333B660-0FCF-410A-A123-E3BD34BC8C96}.Debug|Any CPU.ActiveCfg = Debug|Any CPU
		{A333B660-0FCF-410A-A123-E3BD34BC8C96}.Debug|Any CPU.Build.0 = Debug|Any CPU
		{A333B660-0FCF-410A-A123-E3BD34BC8C96}.Release|Any CPU.ActiveCfg = Release|Any CPU
		{A333B660-0FCF-410A-A123-E3BD34BC8C96}.Release|Any CPU.Build.0 = Release|Any CPU
	EndGlobalSection
	GlobalSection(SolutionProperties) = preSolution
		HideSolutionNode = FALSE
	EndGlobalSection
	GlobalSection(NestedProjects) = preSolution
		{E69094EA-5D75-4A91-8B0C-784C39F5B5ED} = {CED73927-2734-44FC-8E30-F9DCA1940AF5}
		{B99F3C93-05AE-4A18-85E7-2C03C91D74EC} = {CED73927-2734-44FC-8E30-F9DCA1940AF5}
		{7C05E147-395B-4220-98F4-78F85D1AFAFC} = {CED73927-2734-44FC-8E30-F9DCA1940AF5}
		{7FE3F12E-1D45-41AE-806E-BAAD9C24E78A} = {CED73927-2734-44FC-8E30-F9DCA1940AF5}
		{757EBCE5-9B66-44CB-8D53-4419BA6820E8} = {CED73927-2734-44FC-8E30-F9DCA1940AF5}
		{5C5E5869-48EF-400C-9CF5-69350E95CCAE} = {CED73927-2734-44FC-8E30-F9DCA1940AF5}
		{8EF122EF-BCC3-4DB7-8B43-3B4AFC22F09E} = {CED73927-2734-44FC-8E30-F9DCA1940AF5}
		{A333B660-0FCF-410A-A123-E3BD34BC8C96} = {CED73927-2734-44FC-8E30-F9DCA1940AF5}
	EndGlobalSection
	GlobalSection(ExtensibilityGlobals) = postSolution
		SolutionGuid = {AF9F280A-E67D-4531-9282-1E7857C5667B}
	EndGlobalSection
EndGlobal
